{
    "_meta": {
        "hash": {
            "sha256": "4f2d16eac4b9cea34ef1d1baea6ee4c85692701f4ae0284118d9b08795958640"
        },
        "pipfile-spec": 6,
        "requires": {
            "python_version": "3.9"
        },
        "sources": [
            {
                "name": "pypi",
                "url": "https://pypi.org/simple",
                "verify_ssl": true
            }
        ]
    },
    "default": {},
    "develop": {}
}
